uuid: 9a4980c7-3553-4116-af89-63fd81941513
langcode: en
status: true
dependencies:
  module:
    - social_post
    - system
  theme:
    - socialbase
_core:
  default_config_hash: jM4rDaxSleva7mQiyaRj-ESpAcur9wzSXDfeXdGbOjk
id: postongroupblock
theme: socialbase
region: hidden
weight: -9
provider: null
plugin: post_group_block
settings:
  id: post_group_block
  label: 'Post on group block'
  label_display: '0'
  provider: social_post
visibility:
  request_path:
    id: request_path
    pages: '/group/*/stream'
    negate: false
    context_mapping: {  }
