uuid: 919ef332-7660-419b-960d-fba91c53001d
langcode: en
status: true
dependencies:
  module:
    - social_post
    - system
  theme:
    - socialbase
_core:
  default_config_hash: b5E5NPiSRKlKRNZcEWgscia7LJXEHE6iMoBAyh0uJRU
id: postonprofileblock
theme: socialbase
region: hidden
weight: -9
provider: null
plugin: post_profile_block
settings:
  id: post_profile_block
  label: 'Post on profile block'
  label_display: '0'
  provider: social_post
visibility:
  request_path:
    id: request_path
    pages: '/user/*/stream'
    negate: false
    context_mapping: {  }
