uuid: da6bc428-b34c-4ec3-9997-2d0025a8d3b7
langcode: en
status: true
dependencies:
  module:
    - social_group_invite
    - system
  theme:
    - socialblue
_core:
  default_config_hash: gfd9e_J6-ndbvgcg7dMovWH48LaEcnJqO8m7W-AiU_w
id: socialinviteactionsblock
theme: socialblue
region: hidden
weight: 0
provider: null
plugin: social_invite_actions_block
settings:
  id: social_invite_actions_block
  label: 'Social Invite Actions block'
  label_display: '0'
  provider: social_group_invite
visibility:
  request_path:
    id: request_path
    negate: false
    context_mapping: {  }
    pages: '/group/*/membership'
