uuid: a5eb19d1-b744-4ef5-b79e-11a337a510f3
langcode: en
status: true
dependencies:
  module:
    - social_event
    - system
  theme:
    - socialbase
_core:
  default_config_hash: Pr90Y2n_TmGQ4hUCpTaWgBPfuAZqIeMOkje54rdZHRI
id: event_add_block
theme: socialbase
region: complementary_top
weight: -99
provider: null
plugin: event_add_block
settings:
  id: event_add_block
  label: 'Event add block'
  label_display: '0'
  provider: social_event
visibility:
  request_path:
    id: request_path
    pages: '/user/*/events'
    negate: false
    context_mapping: {  }
